
Microsoft Visual Studio Solution File, Format Version 12.00
# Visual Studio 15
VisualStudioVersion = 15.0.28010.2019
MinimumVisualStudioVersion = 10.0.40219.1
Project("{FAE04EC0-301F-11D3-BF4B-00C04F79EFBC}") = "CustomerApplication", "CustomerApplication\CustomerApplication.csproj", "{E1E5406B-4F15-41D8-8421-A7003021099F}"
EndProject
Global
	GlobalSection(SolutionConfigurationPlatforms) = preSolution
		Debug|Any CPU = Debug|Any CPU
		Release|Any CPU = Release|Any CPU
	EndGlobalSection
	GlobalSection(ProjectConfigurationPlatforms) = postSolution
		{E1E5406B-4F15-41D8-8421-A7003021099F}.Debug|Any CPU.ActiveCfg = Debug|Any CPU
		{E1E5406B-4F15-41D8-8421-A7003021099F}.Debug|Any CPU.Build.0 = Debug|Any CPU
		{E1E5406B-4F15-41D8-8421-A7003021099F}.Release|Any CPU.ActiveCfg = Release|Any CPU
		{E1E5406B-4F15-41D8-8421-A7003021099F}.Release|Any CPU.Build.0 = Release|Any CPU
	EndGlobalSection
	GlobalSection(SolutionProperties) = preSolution
		HideSolutionNode = FALSE
	EndGlobalSection
	GlobalSection(ExtensibilityGlobals) = postSolution
		SolutionGuid = {B13C9D5F-3475-40A2-973F-1C5CF18ECA59}
	EndGlobalSection
EndGlobal
